
Microsoft Visual Studio Solution File, Format Version 12.00
# Visual Studio 15
VisualStudioVersion = 15.0.28010.2050
MinimumVisualStudioVersion = 10.0.40219.1
Project("{FAE04EC0-301F-11D3-BF4B-00C04F79EFBC}") = "SyntacticAnalysisASM", "SyntacticAnalysisASM\SyntacticAnalysisASM.csproj", "{DBF0B460-50BF-449E-BFEF-BC233F1793DA}"
EndProject
Project("{FAE04EC0-301F-11D3-BF4B-00C04F79EFBC}") = "SyntacticAnalysisASM.Core", "SyntacticAnalysisASM.Core\SyntacticAnalysisASM.Core.csproj", "{E4510CB0-F07B-42E4-A008-1097A1279DEB}"
EndProject
Global
	GlobalSection(SolutionConfigurationPlatforms) = preSolution
		Debug|Any CPU = Debug|Any CPU
		Release|Any CPU = Release|Any CPU
	EndGlobalSection
	GlobalSection(ProjectConfigurationPlatforms) = postSolution
		{DBF0B460-50BF-449E-BFEF-BC233F1793DA}.Debug|Any CPU.ActiveCfg = Debug|Any CPU
		{DBF0B460-50BF-449E-BFEF-BC233F1793DA}.Debug|Any CPU.Build.0 = Debug|Any CPU
		{DBF0B460-50BF-449E-BFEF-BC233F1793DA}.Release|Any CPU.ActiveCfg = Release|Any CPU
		{DBF0B460-50BF-449E-BFEF-BC233F1793DA}.Release|Any CPU.Build.0 = Release|Any CPU
		{E4510CB0-F07B-42E4-A008-1097A1279DEB}.Debug|Any CPU.ActiveCfg = Debug|Any CPU
		{E4510CB0-F07B-42E4-A008-1097A1279DEB}.Debug|Any CPU.Build.0 = Debug|Any CPU
		{E4510CB0-F07B-42E4-A008-1097A1279DEB}.Release|Any CPU.ActiveCfg = Release|Any CPU
		{E4510CB0-F07B-42E4-A008-1097A1279DEB}.Release|Any CPU.Build.0 = Release|Any CPU
	EndGlobalSection
	GlobalSection(SolutionProperties) = preSolution
		HideSolutionNode = FALSE
	EndGlobalSection
	GlobalSection(ExtensibilityGlobals) = postSolution
		SolutionGuid = {619AF083-BE12-42F9-9B75-095802C199B9}
	EndGlobalSection
EndGlobal
