
Microsoft Visual Studio Solution File, Format Version 12.00
# Visual Studio 15
VisualStudioVersion = 15.0.28010.2050
MinimumVisualStudioVersion = 10.0.40219.1
Project("{FAE04EC0-301F-11D3-BF4B-00C04F79EFBC}") = "ProductionCode2", "ProductionCode2\ProductionCode2.csproj", "{8B3C8565-EED9-48CD-8BC1-928BF32B2BA8}"
EndProject
Project("{FAE04EC0-301F-11D3-BF4B-00C04F79EFBC}") = "ProductionCode2.Tests", "ProductionCode2.Tests\ProductionCode2.Tests.csproj", "{43CCC22D-63ED-4390-BB11-0B7B952E1D24}"
EndProject
Global
	GlobalSection(SolutionConfigurationPlatforms) = preSolution
		Debug|Any CPU = Debug|Any CPU
		Release|Any CPU = Release|Any CPU
	EndGlobalSection
	GlobalSection(ProjectConfigurationPlatforms) = postSolution
		{8B3C8565-EED9-48CD-8BC1-928BF32B2BA8}.Debug|Any CPU.ActiveCfg = Debug|Any CPU
		{8B3C8565-EED9-48CD-8BC1-928BF32B2BA8}.Debug|Any CPU.Build.0 = Debug|Any CPU
		{8B3C8565-EED9-48CD-8BC1-928BF32B2BA8}.Release|Any CPU.ActiveCfg = Release|Any CPU
		{8B3C8565-EED9-48CD-8BC1-928BF32B2BA8}.Release|Any CPU.Build.0 = Release|Any CPU
		{43CCC22D-63ED-4390-BB11-0B7B952E1D24}.Debug|Any CPU.ActiveCfg = Debug|Any CPU
		{43CCC22D-63ED-4390-BB11-0B7B952E1D24}.Debug|Any CPU.Build.0 = Debug|Any CPU
		{43CCC22D-63ED-4390-BB11-0B7B952E1D24}.Release|Any CPU.ActiveCfg = Release|Any CPU
		{43CCC22D-63ED-4390-BB11-0B7B952E1D24}.Release|Any CPU.Build.0 = Release|Any CPU
	EndGlobalSection
	GlobalSection(SolutionProperties) = preSolution
		HideSolutionNode = FALSE
	EndGlobalSection
	GlobalSection(ExtensibilityGlobals) = postSolution
		SolutionGuid = {9D1DA588-7227-47F5-8220-2CE461E8E752}
	EndGlobalSection
EndGlobal
